
Microsoft Visual Studio Solution File, Format Version 12.00
# Visual Studio Version 17
VisualStudioVersion = 17.8.34511.84
MinimumVisualStudioVersion = 10.0.40219.1
Project("{FAE04EC0-301F-11D3-BF4B-00C04F79EFBC}") = "NguyenDinhSon_4133_Tuan2", "NguyenDinhSon_4133_Tuan2\NguyenDinhSon_4133_Tuan2.csproj", "{CE1422EA-E982-4153-A0DC-EB4ADB946676}"
EndProject
Global
	GlobalSection(SolutionConfigurationPlatforms) = preSolution
		Debug|Any CPU = Debug|Any CPU
		Release|Any CPU = Release|Any CPU
	EndGlobalSection
	GlobalSection(ProjectConfigurationPlatforms) = postSolution
		{CE1422EA-E982-4153-A0DC-EB4ADB946676}.Debug|Any CPU.ActiveCfg = Debug|Any CPU
		{CE1422EA-E982-4153-A0DC-EB4ADB946676}.Debug|Any CPU.Build.0 = Debug|Any CPU
		{CE1422EA-E982-4153-A0DC-EB4ADB946676}.Release|Any CPU.ActiveCfg = Release|Any CPU
		{CE1422EA-E982-4153-A0DC-EB4ADB946676}.Release|Any CPU.Build.0 = Release|Any CPU
	EndGlobalSection
	GlobalSection(SolutionProperties) = preSolution
		HideSolutionNode = FALSE
	EndGlobalSection
	GlobalSection(ExtensibilityGlobals) = postSolution
		SolutionGuid = {725D519D-0530-4C50-9A0C-3298E845DB24}
	EndGlobalSection
EndGlobal
